
Microsoft Visual Studio Solution File, Format Version 12.00
# Visual Studio 2013
VisualStudioVersion = 12.0.21005.1
MinimumVisualStudioVersion = 10.0.40219.1
Project("{FAE04EC0-301F-11D3-BF4B-00C04F79EFBC}") = "MyProject", "MyProject\MyProject.csproj", "{40D91D3C-67B0-433C-B6F8-C553F3F3A783}"
EndProject
Global
	GlobalSection(SolutionConfigurationPlatforms) = preSolution
		Debug|Any CPU = Debug|Any CPU
		Release|Any CPU = Release|Any CPU
	EndGlobalSection
	GlobalSection(ProjectConfigurationPlatforms) = postSolution
		{40D91D3C-67B0-433C-B6F8-C553F3F3A783}.Debug|Any CPU.ActiveCfg = Debug|Any CPU
		{40D91D3C-67B0-433C-B6F8-C553F3F3A783}.Debug|Any CPU.Build.0 = Debug|Any CPU
		{40D91D3C-67B0-433C-B6F8-C553F3F3A783}.Release|Any CPU.ActiveCfg = Release|Any CPU
		{40D91D3C-67B0-433C-B6F8-C553F3F3A783}.Release|Any CPU.Build.0 = Release|Any CPU
	EndGlobalSection
	GlobalSection(SolutionProperties) = preSolution
		HideSolutionNode = FALSE
	EndGlobalSection
EndGlobal
